
Microsoft Visual Studio Solution File, Format Version 10.00
# Visual Studio 2008
Project("{FAE04EC0-301F-11D3-BF4B-00C04F79EFBC}") = "CrackDetect", "CrackDetect.csproj", "{5BBD660E-C896-4266-8409-CF9C5E7E4563}"
EndProject
Project("{FAE04EC0-301F-11D3-BF4B-00C04F79EFBC}") = "CrackDisplay", "..\CrackDisplay\CrackDisplay.csproj", "{82AEFE3D-E80F-4A03-A84F-8F4DB18DA715}"
EndProject
Global
	GlobalSection(SolutionConfigurationPlatforms) = preSolution
		Debug|Any CPU = Debug|Any CPU
		Release|Any CPU = Release|Any CPU
	EndGlobalSection
	GlobalSection(ProjectConfigurationPlatforms) = postSolution
		{5BBD660E-C896-4266-8409-CF9C5E7E4563}.Debug|Any CPU.ActiveCfg = Debug|Any CPU
		{5BBD660E-C896-4266-8409-CF9C5E7E4563}.Debug|Any CPU.Build.0 = Debug|Any CPU
		{5BBD660E-C896-4266-8409-CF9C5E7E4563}.Release|Any CPU.ActiveCfg = Release|Any CPU
		{5BBD660E-C896-4266-8409-CF9C5E7E4563}.Release|Any CPU.Build.0 = Release|Any CPU
		{82AEFE3D-E80F-4A03-A84F-8F4DB18DA715}.Debug|Any CPU.ActiveCfg = Debug|Any CPU
		{82AEFE3D-E80F-4A03-A84F-8F4DB18DA715}.Debug|Any CPU.Build.0 = Debug|Any CPU
		{82AEFE3D-E80F-4A03-A84F-8F4DB18DA715}.Release|Any CPU.ActiveCfg = Release|Any CPU
		{82AEFE3D-E80F-4A03-A84F-8F4DB18DA715}.Release|Any CPU.Build.0 = Release|Any CPU
	EndGlobalSection
	GlobalSection(SolutionProperties) = preSolution
		HideSolutionNode = FALSE
	EndGlobalSection
EndGlobal
